<?xml version="1.0" encoding="UTF-8"?>
<Solution>
	<Configurations>
		<BuildType Name="Debug"/>
		<BuildType Name="Release"/>
		<BuildType Name="MinSizeRel"/>
		<BuildType Name="RelWithDebInfo"/>
		<Platform Name="x64"/>
	</Configurations>
	<Project Path="ALL_BUILD.vcxproj" Type="8bc9ceb8-8b4a-11d0-8d11-00a0c91bc942" Id="af5ebf0a-74a8-363b-b320-4e1b5f6074b3" DefaultStartup="true">
		<BuildDependency Project="ZERO_CHECK.vcxproj"/>
		<BuildDependency Project="shieldcord_installer.vcxproj"/>
		<BuildDependency Project="shieldcord_svc.vcxproj"/>
		<BuildDependency Project="shieldcord_uninstaller.vcxproj"/>
		<Build Solution="Debug|*" Project="false"/>
		<Build Solution="Release|*" Project="false"/>
		<Build Solution="MinSizeRel|*" Project="false"/>
		<Build Solution="RelWithDebInfo|*" Project="false"/>
	</Project>
	<Project Path="ZERO_CHECK.vcxproj" Type="8bc9ceb8-8b4a-11d0-8d11-00a0c91bc942" Id="29becd1c-bfe1-39db-925c-50bfac28183d"/>
	<Project Path="shieldcord_installer.vcxproj" Type="8bc9ceb8-8b4a-11d0-8d11-00a0c91bc942" Id="96271d65-d110-3404-a8ac-8233ac8c1cff">
		<BuildDependency Project="ZERO_CHECK.vcxproj"/>
	</Project>
	<Project Path="shieldcord_svc.vcxproj" Type="8bc9ceb8-8b4a-11d0-8d11-00a0c91bc942" Id="f9582df8-9a3a-3ec6-905f-59c241c27891">
		<BuildDependency Project="ZERO_CHECK.vcxproj"/>
	</Project>
	<Project Path="shieldcord_uninstaller.vcxproj" Type="8bc9ceb8-8b4a-11d0-8d11-00a0c91bc942" Id="727baf33-9974-3687-876a-589eb70aa02a">
		<BuildDependency Project="ZERO_CHECK.vcxproj"/>
	</Project>
</Solution>
